// !$*UTF8*$!
{
	archiveVersion = 1;
	classes = {
	};
	objectVersion = 77;
	objects = {

/* Begin PBXContainerItemProxy section */
		237503042DFF59DF00C401E7 /* PBXContainerItemProxy */ = {
			isa = PBXContainerItemProxy;
			containerPortal = 237502E42DFF59DD00C401E7 /* Project object */;
			proxyType = 1;
			remoteGlobalIDString = 237502EB2DFF59DD00C401E7;
			remoteInfo = PolpoGame;
		};
		2375030E2DFF59DF00C401E7 /* PBXContainerItemProxy */ = {
			isa = PBXContainerItemProxy;
			containerPortal = 237502E42DFF59DD00C401E7 /* Project object */;
			proxyType = 1;
			remoteGlobalIDString = 237502EB2DFF59DD00C401E7;
			remoteInfo = PolpoGame;
		};
/* End PBXContainerItemProxy section */

/* Begin PBXFileReference section */
		237502EC2DFF59DD00C401E7 /* PolpoGame.app */ = {isa = PBXFileReference; explicitFileType = wrapper.application; includeInIndex = 0; path = PolpoGame.app; sourceTree = BUILT_PRODUCTS_DIR; };
		237503032DFF59DF00C401E7 /* PolpoGameTests.xctest */ = {isa = PBXFileReference; explicitFileType = wrapper.cfbundle; includeInIndex = 0; path = PolpoGameTests.xctest; sourceTree = BUILT_PRODUCTS_DIR; };
		2375030D2DFF59DF00C401E7 /* PolpoGameUITests.xctest */ = {isa = PBXFileReference; explicitFileType = wrapper.cfbundle; includeInIndex = 0; path = PolpoGameUITests.xctest; sourceTree = BUILT_PRODUCTS_DIR; };
/* End PBXFileReference section */

/* Begin PBXFileSystemSynchronizedRootGroup section */
		237502EE2DFF59DD00C401E7 /* PolpoGame */ = {
			isa = PBXFileSystemSynchronizedRootGroup;
			path = PolpoGame;
			sourceTree = "<group>";
		};
		237503062DFF59DF00C401E7 /* PolpoGameTests */ = {
			isa = PBXFileSystemSynchronizedRootGroup;
			path = PolpoGameTests;
			sourceTree = "<group>";
		};
		237503102DFF59DF00C401E7 /* PolpoGameUITests */ = {
			isa = PBXFileSystemSynchronizedRootGroup;
			path = PolpoGameUITests;
			sourceTree = "<group>";
		};
/* End PBXFileSystemSynchronizedRootGroup section */

/* Begin PBXFrameworksBuildPhase section */
		237502E92DFF59DD00C401E7 /* Frameworks */ = {
			isa = PBXFrameworksBuildPhase;
			buildActionMask = 2147483647;
			files = (
			);
			runOnlyForDeploymentPostprocessing = 0;
		};
		237503002DFF59DF00C401E7 /* Frameworks */ = {
			isa = PBXFrameworksBuildPhase;
			buildActionMask = 2147483647;
			files = (
			);
			runOnlyForDeploymentPostprocessing = 0;
		};
		2375030A2DFF59DF00C401E7 /* Frameworks */ = {
			isa = PBXFrameworksBuildPhase;
			buildActionMask = 2147483647;
			files = (
			);
			runOnlyForDeploymentPostprocessing = 0;
		};
/* End PBXFrameworksBuildPhase section */

/* Begin PBXGroup section */
		237502E32DFF59DD00C401E7 = {
			isa = PBXGroup;
			children = (
				237502EE2DFF59DD00C401E7 /* PolpoGame */,
				237503062DFF59DF00C401E7 /* PolpoGameTests */,
				237503102DFF59DF00C401E7 /* PolpoGameUITests */,
				237502ED2DFF59DD00C401E7 /* Products */,
			);
			sourceTree = "<group>";
		};
		237502ED2DFF59DD00C401E7 /* Products */ = {
			isa = PBXGroup;
			children = (
				237502EC2DFF59DD00C401E7 /* PolpoGame.app */,
				237503032DFF59DF00C401E7 /* PolpoGameTests.xctest */,
				2375030D2DFF59DF00C401E7 /* PolpoGameUITests.xctest */,
			);
			name = Products;
			sourceTree = "<group>";
		};
/* End PBXGroup section */

/* Begin PBXNativeTarget section */
		237502EB2DFF59DD00C401E7 /* PolpoGame */ = {
			isa = PBXNativeTarget;
			buildConfigurationList = 237503172DFF59DF00C401E7 /* Build configuration list for PBXNativeTarget "PolpoGame" */;
			buildPhases = (
				237502E82DFF59DD00C401E7 /* Sources */,
				237502E92DFF59DD00C401E7 /* Frameworks */,
				237502EA2DFF59DD00C401E7 /* Resources */,
			);
			buildRules = (
			);
			dependencies = (
			);
			fileSystemSynchronizedGroups = (
				237502EE2DFF59DD00C401E7 /* PolpoGame */,
			);
			name = PolpoGame;
			packageProductDependencies = (
			);
			productName = PolpoGame;
			productReference = 237502EC2DFF59DD00C401E7 /* PolpoGame.app */;
			productType = "com.apple.product-type.application";
		};
		237503022DFF59DF00C401E7 /* PolpoGameTests */ = {
			isa = PBXNativeTarget;
			buildConfigurationList = 2375031A2DFF59DF00C401E7 /* Build configuration list for PBXNativeTarget "PolpoGameTests" */;
			buildPhases = (
				237502FF2DFF59DF00C401E7 /* Sources */,
				237503002DFF59DF00C401E7 /* Frameworks */,
				237503012DFF59DF00C401E7 /* Resources */,
			);
			buildRules = (
			);
			dependencies = (
				237503052DFF59DF00C401E7 /* PBXTargetDependency */,
			);
			fileSystemSynchronizedGroups = (
				237503062DFF59DF00C401E7 /* PolpoGameTests */,
			);
			name = PolpoGameTests;
			packageProductDependencies = (
			);
			productName = PolpoGameTests;
			productReference = 237503032DFF59DF00C401E7 /* PolpoGameTests.xctest */;
			productType = "com.apple.product-type.bundle.unit-test";
		};
		2375030C2DFF59DF00C401E7 /* PolpoGameUITests */ = {
			isa = PBXNativeTarget;
			buildConfigurationList = 2375031D2DFF59DF00C401E7 /* Build configuration list for PBXNativeTarget "PolpoGameUITests" */;
			buildPhases = (
				237503092DFF59DF00C401E7 /* Sources */,
				2375030A2DFF59DF00C401E7 /* Frameworks */,
				2375030B2DFF59DF00C401E7 /* Resources */,
			);
			buildRules = (
			);
			dependencies = (
				2375030F2DFF59DF00C401E7 /* PBXTargetDependency */,
			);
			fileSystemSynchronizedGroups = (
				237503102DFF59DF00C401E7 /* PolpoGameUITests */,
			);
			name = PolpoGameUITests;
			packageProductDependencies = (
			);
			productName = PolpoGameUITests;
			productReference = 2375030D2DFF59DF00C401E7 /* PolpoGameUITests.xctest */;
			productType = "com.apple.product-type.bundle.ui-testing";
		};
/* End PBXNativeTarget section */

/* Begin PBXProject section */
		237502E42DFF59DD00C401E7 /* Project object */ = {
			isa = PBXProject;
			attributes = {
				BuildIndependentTargetsInParallel = 1;
				LastSwiftUpdateCheck = 1640;
				LastUpgradeCheck = 1640;
				TargetAttributes = {
					237502EB2DFF59DD00C401E7 = {
						CreatedOnToolsVersion = 16.4;
					};
					237503022DFF59DF00C401E7 = {
						CreatedOnToolsVersion = 16.4;
						TestTargetID = 237502EB2DFF59DD00C401E7;
					};
					2375030C2DFF59DF00C401E7 = {
						CreatedOnToolsVersion = 16.4;
						TestTargetID = 237502EB2DFF59DD00C401E7;
					};
				};
			};
			buildConfigurationList = 237502E72DFF59DD00C401E7 /* Build configuration list for PBXProject "PolpoGame" */;
			developmentRegion = en;
			hasScannedForEncodings = 0;
			knownRegions = (
				en,
				Base,
			);
			mainGroup = 237502E32DFF59DD00C401E7;
			minimizedProjectReferenceProxies = 1;
			preferredProjectObjectVersion = 77;
			productRefGroup = 237502ED2DFF59DD00C401E7 /* Products */;
			projectDirPath = "";
			projectRoot = "";
			targets = (
				237502EB2DFF59DD00C401E7 /* PolpoGame */,
				237503022DFF59DF00C401E7 /* PolpoGameTests */,
				2375030C2DFF59DF00C401E7 /* PolpoGameUITests */,
			);
		};
/* End PBXProject section */

/* Begin PBXResourcesBuildPhase section */
		237502EA2DFF59DD00C401E7 /* Resources */ = {
			isa = PBXResourcesBuildPhase;
			buildActionMask = 2147483647;
			files = (
			);
			runOnlyForDeploymentPostprocessing = 0;
		};
		237503012DFF59DF00C401E7 /* Resources */ = {
			isa = PBXResourcesBuildPhase;
			buildActionMask = 2147483647;
			files = (
			);
			runOnlyForDeploymentPostprocessing = 0;
		};
		2375030B2DFF59DF00C401E7 /* Resources */ = {
			isa = PBXResourcesBuildPhase;
			buildActionMask = 2147483647;
			files = (
			);
			runOnlyForDeploymentPostprocessing = 0;
		};
/* End PBXResourcesBuildPhase section */

/* Begin PBXSourcesBuildPhase section */
		237502E82DFF59DD00C401E7 /* Sources */ = {
			isa = PBXSourcesBuildPhase;
			buildActionMask = 2147483647;
			files = (
			);
			runOnlyForDeploymentPostprocessing = 0;
		};
		237502FF2DFF59DF00C401E7 /* Sources */ = {
			isa = PBXSourcesBuildPhase;
			buildActionMask = 2147483647;
			files = (
			);
			runOnlyForDeploymentPostprocessing = 0;
		};
		237503092DFF59DF00C401E7 /* Sources */ = {
			isa = PBXSourcesBuildPhase;
			buildActionMask = 2147483647;
			files = (
			);
			runOnlyForDeploymentPostprocessing = 0;
		};
/* End PBXSourcesBuildPhase section */

/* Begin PBXTargetDependency section */
		237503052DFF59DF00C401E7 /* PBXTargetDependency */ = {
			isa = PBXTargetDependency;
			target = 237502EB2DFF59DD00C401E7 /* PolpoGame */;
			targetProxy = 237503042DFF59DF00C401E7 /* PBXContainerItemProxy */;
		};
		2375030F2DFF59DF00C401E7 /* PBXTargetDependency */ = {
			isa = PBXTargetDependency;
			target = 237502EB2DFF59DD00C401E7 /* PolpoGame */;
			targetProxy = 2375030E2DFF59DF00C401E7 /* PBXContainerItemProxy */;
		};
/* End PBXTargetDependency section */

/* Begin XCBuildConfiguration section */
		237503152DFF59DF00C401E7 /* Debug */ = {
			isa = XCBuildConfiguration;
			buildSettings = {
				ALWAYS_SEARCH_USER_PATHS = NO;
				ASSETCATALOG_COMPILER_GENERATE_SWIFT_ASSET_SYMBOL_EXTENSIONS = YES;
				CLANG_ANALYZER_NONNULL = YES;
				CLANG_ANALYZER_NUMBER_OBJECT_CONVERSION = YES_AGGRESSIVE;
				CLANG_CXX_LANGUAGE_STANDARD = "gnu++20";
				CLANG_ENABLE_MODULES = YES;
				CLANG_ENABLE_OBJC_ARC = YES;
				CLANG_ENABLE_OBJC_WEAK = YES;
				CLANG_WARN_BLOCK_CAPTURE_AUTORELEASING = YES;
				CLANG_WARN_BOOL_CONVERSION = YES;
				CLANG_WARN_COMMA = YES;
				CLANG_WARN_CONSTANT_CONVERSION = YES;
				CLANG_WARN_DEPRECATED_OBJC_IMPLEMENTATIONS = YES;
				CLANG_WARN_DIRECT_OBJC_ISA_USAGE = YES_ERROR;
				CLANG_WARN_DOCUMENTATION_COMMENTS = YES;
				CLANG_WARN_EMPTY_BODY = YES;
				CLANG_WARN_ENUM_CONVERSION = YES;
				CLANG_WARN_INFINITE_RECURSION = YES;
				CLANG_WARN_INT_CONVERSION = YES;
				CLANG_WARN_NON_LITERAL_NULL_CONVERSION = YES;
				CLANG_WARN_OBJC_IMPLICIT_RETAIN_SELF = YES;
				CLANG_WARN_OBJC_LITERAL_CONVERSION = YES;
				CLANG_WARN_OBJC_ROOT_CLASS = YES_ERROR;
				CLANG_WARN_QUOTED_INCLUDE_IN_FRAMEWORK_HEADER = YES;
				CLANG_WARN_RANGE_LOOP_ANALYSIS = YES;
				CLANG_WARN_STRICT_PROTOTYPES = YES;
				CLANG_WARN_SUSPICIOUS_MOVE = YES;
				CLANG_WARN_UNGUARDED_AVAILABILITY = YES_AGGRESSIVE;
				CLANG_WARN_UNREACHABLE_CODE = YES;
				CLANG_WARN__DUPLICATE_METHOD_MATCH = YES;
				COPY_PHASE_STRIP = NO;
				DEBUG_INFORMATION_FORMAT = dwarf;
				DEVELOPMENT_TEAM = WBHZ4UPF9D;
				ENABLE_STRICT_OBJC_MSGSEND = YES;
				ENABLE_TESTABILITY = YES;
				ENABLE_USER_SCRIPT_SANDBOXING = YES;
				GCC_C_LANGUAGE_STANDARD = gnu17;
				GCC_DYNAMIC_NO_PIC = NO;
				GCC_NO_COMMON_BLOCKS = YES;
				GCC_OPTIMIZATION_LEVEL = 0;
				GCC_PREPROCESSOR_DEFINITIONS = (
					"DEBUG=1",
					"$(inherited)",
				);
				GCC_WARN_64_TO_32_BIT_CONVERSION = YES;
				GCC_WARN_ABOUT_RETURN_TYPE = YES_ERROR;
				GCC_WARN_UNDECLARED_SELECTOR = YES;
				GCC_WARN_UNINITIALIZED_AUTOS = YES_AGGRESSIVE;
				GCC_WARN_UNUSED_FUNCTION = YES;
				GCC_WARN_UNUSED_VARIABLE = YES;
				LOCALIZATION_PREFERS_STRING_CATALOGS = YES;
				MACOSX_DEPLOYMENT_TARGET = 15.5;
				MTL_ENABLE_DEBUG_INFO = INCLUDE_SOURCE;
				MTL_FAST_MATH = YES;
				ONLY_ACTIVE_ARCH = YES;
				SDKROOT = macosx;
				SWIFT_ACTIVE_COMPILATION_CONDITIONS = "DEBUG $(inherited)";
				SWIFT_OPTIMIZATION_LEVEL = "-Onone";
			};
			name = Debug;
		};
		237503162DFF59DF00C401E7 /* Release */ = {
			isa = XCBuildConfiguration;
			buildSettings = {
				ALWAYS_SEARCH_USER_PATHS = NO;
				ASSETCATALOG_COMPILER_GENERATE_SWIFT_ASSET_SYMBOL_EXTENSIONS = YES;
				CLANG_ANALYZER_NONNULL = YES;
				CLANG_ANALYZER_NUMBER_OBJECT_CONVERSION = YES_AGGRESSIVE;
				CLANG_CXX_LANGUAGE_STANDARD = "gnu++20";
				CLANG_ENABLE_MODULES = YES;
				CLANG_ENABLE_OBJC_ARC = YES;
				CLANG_ENABLE_OBJC_WEAK = YES;
				CLANG_WARN_BLOCK_CAPTURE_AUTORELEASING = YES;
				CLANG_WARN_BOOL_CONVERSION = YES;
				CLANG_WARN_COMMA = YES;
				CLANG_WARN_CONSTANT_CONVERSION = YES;
				CLANG_WARN_DEPRECATED_OBJC_IMPLEMENTATIONS = YES;
				CLANG_WARN_DIRECT_OBJC_ISA_USAGE = YES_ERROR;
				CLANG_WARN_DOCUMENTATION_COMMENTS = YES;
				CLANG_WARN_EMPTY_BODY = YES;
				CLANG_WARN_ENUM_CONVERSION = YES;
				CLANG_WARN_INFINITE_RECURSION = YES;
				CLANG_WARN_INT_CONVERSION = YES;
				CLANG_WARN_NON_LITERAL_NULL_CONVERSION = YES;
				CLANG_WARN_OBJC_IMPLICIT_RETAIN_SELF = YES;
				CLANG_WARN_OBJC_LITERAL_CONVERSION = YES;
				CLANG_WARN_OBJC_ROOT_CLASS = YES_ERROR;
				CLANG_WARN_QUOTED_INCLUDE_IN_FRAMEWORK_HEADER = YES;
				CLANG_WARN_RANGE_LOOP_ANALYSIS = YES;
				CLANG_WARN_STRICT_PROTOTYPES = YES;
				CLANG_WARN_SUSPICIOUS_MOVE = YES;
				CLANG_WARN_UNGUARDED_AVAILABILITY = YES_AGGRESSIVE;
				CLANG_WARN_UNREACHABLE_CODE = YES;
				CLANG_WARN__DUPLICATE_METHOD_MATCH = YES;
				COPY_PHASE_STRIP = NO;
				DEBUG_INFORMATION_FORMAT = "dwarf-with-dsym";
				DEVELOPMENT_TEAM = WBHZ4UPF9D;
				ENABLE_NS_ASSERTIONS = NO;
				ENABLE_STRICT_OBJC_MSGSEND = YES;
				ENABLE_USER_SCRIPT_SANDBOXING = YES;
				GCC_C_LANGUAGE_STANDARD = gnu17;
				GCC_NO_COMMON_BLOCKS = YES;
				GCC_WARN_64_TO_32_BIT_CONVERSION = YES;
				GCC_WARN_ABOUT_RETURN_TYPE = YES_ERROR;
				GCC_WARN_UNDECLARED_SELECTOR = YES;
				GCC_WARN_UNINITIALIZED_AUTOS = YES_AGGRESSIVE;
				GCC_WARN_UNUSED_FUNCTION = YES;
				GCC_WARN_UNUSED_VARIABLE = YES;
				LOCALIZATION_PREFERS_STRING_CATALOGS = YES;
				MACOSX_DEPLOYMENT_TARGET = 15.5;
				MTL_ENABLE_DEBUG_INFO = NO;
				MTL_FAST_MATH = YES;
				SDKROOT = macosx;
				SWIFT_COMPILATION_MODE = wholemodule;
			};
			name = Release;
		};
		237503182DFF59DF00C401E7 /* Debug */ = {
			isa = XCBuildConfiguration;
			buildSettings = {
				ASSETCATALOG_COMPILER_APPICON_NAME = AppIcon;
				ASSETCATALOG_COMPILER_GLOBAL_ACCENT_COLOR_NAME = AccentColor;
				CODE_SIGN_ENTITLEMENTS = PolpoGame/PolpoGame.entitlements;
				CODE_SIGN_STYLE = Automatic;
				COMBINE_HIDPI_IMAGES = YES;
				CURRENT_PROJECT_VERSION = 1;
				DEVELOPMENT_TEAM = WBHZ4UPF9D;
				ENABLE_HARDENED_RUNTIME = YES;
				GENERATE_INFOPLIST_FILE = YES;
				INFOPLIST_KEY_NSHumanReadableCopyright = "";
				INFOPLIST_KEY_NSMainStoryboardFile = Main;
				INFOPLIST_KEY_NSPrincipalClass = NSApplication;
				LD_RUNPATH_SEARCH_PATHS = (
					"$(inherited)",
					"@executable_path/../Frameworks",
				);
				MARKETING_VERSION = 1.0;
				PRODUCT_BUNDLE_IDENTIFIER = rockmetaller.PolpoGame;
				PRODUCT_NAME = "$(TARGET_NAME)";
				REGISTER_APP_GROUPS = YES;
				SWIFT_EMIT_LOC_STRINGS = YES;
				SWIFT_VERSION = 5.0;
			};
			name = Debug;
		};
		237503192DFF59DF00C401E7 /* Release */ = {
			isa = XCBuildConfiguration;
			buildSettings = {
				ASSETCATALOG_COMPILER_APPICON_NAME = AppIcon;
				ASSETCATALOG_COMPILER_GLOBAL_ACCENT_COLOR_NAME = AccentColor;
				CODE_SIGN_ENTITLEMENTS = PolpoGame/PolpoGame.entitlements;
				CODE_SIGN_STYLE = Automatic;
				COMBINE_HIDPI_IMAGES = YES;
				CURRENT_PROJECT_VERSION = 1;
				DEVELOPMENT_TEAM = WBHZ4UPF9D;
				ENABLE_HARDENED_RUNTIME = YES;
				GENERATE_INFOPLIST_FILE = YES;
				INFOPLIST_KEY_NSHumanReadableCopyright = "";
				INFOPLIST_KEY_NSMainStoryboardFile = Main;
				INFOPLIST_KEY_NSPrincipalClass = NSApplication;
				LD_RUNPATH_SEARCH_PATHS = (
					"$(inherited)",
					"@executable_path/../Frameworks",
				);
				MARKETING_VERSION = 1.0;
				PRODUCT_BUNDLE_IDENTIFIER = rockmetaller.PolpoGame;
				PRODUCT_NAME = "$(TARGET_NAME)";
				REGISTER_APP_GROUPS = YES;
				SWIFT_EMIT_LOC_STRINGS = YES;
				SWIFT_VERSION = 5.0;
			};
			name = Release;
		};
		2375031B2DFF59DF00C401E7 /* Debug */ = {
			isa = XCBuildConfiguration;
			buildSettings = {
				BUNDLE_LOADER = "$(TEST_HOST)";
				CODE_SIGN_STYLE = Automatic;
				CURRENT_PROJECT_VERSION = 1;
				DEVELOPMENT_TEAM = WBHZ4UPF9D;
				GENERATE_INFOPLIST_FILE = YES;
				MACOSX_DEPLOYMENT_TARGET = 15.5;
				MARKETING_VERSION = 1.0;
				PRODUCT_BUNDLE_IDENTIFIER = rockmetaller.PolpoGameTests;
				PRODUCT_NAME = "$(TARGET_NAME)";
				SWIFT_EMIT_LOC_STRINGS = NO;
				SWIFT_VERSION = 5.0;
				TEST_HOST = "$(BUILT_PRODUCTS_DIR)/PolpoGame.app/$(BUNDLE_EXECUTABLE_FOLDER_PATH)/PolpoGame";
			};
			name = Debug;
		};
		2375031C2DFF59DF00C401E7 /* Release */ = {
			isa = XCBuildConfiguration;
			buildSettings = {
				BUNDLE_LOADER = "$(TEST_HOST)";
				CODE_SIGN_STYLE = Automatic;
				CURRENT_PROJECT_VERSION = 1;
				DEVELOPMENT_TEAM = WBHZ4UPF9D;
				GENERATE_INFOPLIST_FILE = YES;
				MACOSX_DEPLOYMENT_TARGET = 15.5;
				MARKETING_VERSION = 1.0;
				PRODUCT_BUNDLE_IDENTIFIER = rockmetaller.PolpoGameTests;
				PRODUCT_NAME = "$(TARGET_NAME)";
				SWIFT_EMIT_LOC_STRINGS = NO;
				SWIFT_VERSION = 5.0;
				TEST_HOST = "$(BUILT_PRODUCTS_DIR)/PolpoGame.app/$(BUNDLE_EXECUTABLE_FOLDER_PATH)/PolpoGame";
			};
			name = Release;
		};
		2375031E2DFF59DF00C401E7 /* Debug */ = {
			isa = XCBuildConfiguration;
			buildSettings = {
				CODE_SIGN_STYLE = Automatic;
				CURRENT_PROJECT_VERSION = 1;
				DEVELOPMENT_TEAM = WBHZ4UPF9D;
				GENERATE_INFOPLIST_FILE = YES;
				MARKETING_VERSION = 1.0;
				PRODUCT_BUNDLE_IDENTIFIER = rockmetaller.PolpoGameUITests;
				PRODUCT_NAME = "$(TARGET_NAME)";
				SWIFT_EMIT_LOC_STRINGS = NO;
				SWIFT_VERSION = 5.0;
				TEST_TARGET_NAME = PolpoGame;
			};
			name = Debug;
		};
		2375031F2DFF59DF00C401E7 /* Release */ = {
			isa = XCBuildConfiguration;
			buildSettings = {
				CODE_SIGN_STYLE = Automatic;
				CURRENT_PROJECT_VERSION = 1;
				DEVELOPMENT_TEAM = WBHZ4UPF9D;
				GENERATE_INFOPLIST_FILE = YES;
				MARKETING_VERSION = 1.0;
				PRODUCT_BUNDLE_IDENTIFIER = rockmetaller.PolpoGameUITests;
				PRODUCT_NAME = "$(TARGET_NAME)";
				SWIFT_EMIT_LOC_STRINGS = NO;
				SWIFT_VERSION = 5.0;
				TEST_TARGET_NAME = PolpoGame;
			};
			name = Release;
		};
/* End XCBuildConfiguration section */

/* Begin XCConfigurationList section */
		237502E72DFF59DD00C401E7 /* Build configuration list for PBXProject "PolpoGame" */ = {
			isa = XCConfigurationList;
			buildConfigurations = (
				237503152DFF59DF00C401E7 /* Debug */,
				237503162DFF59DF00C401E7 /* Release */,
			);
			defaultConfigurationIsVisible = 0;
			defaultConfigurationName = Release;
		};
		237503172DFF59DF00C401E7 /* Build configuration list for PBXNativeTarget "PolpoGame" */ = {
			isa = XCConfigurationList;
			buildConfigurations = (
				237503182DFF59DF00C401E7 /* Debug */,
				237503192DFF59DF00C401E7 /* Release */,
			);
			defaultConfigurationIsVisible = 0;
			defaultConfigurationName = Release;
		};
		2375031A2DFF59DF00C401E7 /* Build configuration list for PBXNativeTarget "PolpoGameTests" */ = {
			isa = XCConfigurationList;
			buildConfigurations = (
				2375031B2DFF59DF00C401E7 /* Debug */,
				2375031C2DFF59DF00C401E7 /* Release */,
			);
			defaultConfigurationIsVisible = 0;
			defaultConfigurationName = Release;
		};
		2375031D2DFF59DF00C401E7 /* Build configuration list for PBXNativeTarget "PolpoGameUITests" */ = {
			isa = XCConfigurationList;
			buildConfigurations = (
				2375031E2DFF59DF00C401E7 /* Debug */,
				2375031F2DFF59DF00C401E7 /* Release */,
			);
			defaultConfigurationIsVisible = 0;
			defaultConfigurationName = Release;
		};
/* End XCConfigurationList section */
	};
	rootObject = 237502E42DFF59DD00C401E7 /* Project object */;
}
